
Microsoft Visual Studio Solution File, Format Version 12.00
# Visual Studio Version 16
VisualStudioVersion = 16.0.32106.194
MinimumVisualStudioVersion = 10.0.40219.1
Project("{FAE04EC0-301F-11D3-BF4B-00C04F79EFBC}") = "Trainer CRM Lite", "Registration App\Trainer CRM Lite.csproj", "{EC230E94-58EA-434E-AE69-5D82ABE8B45E}"
EndProject
Global
	GlobalSection(SolutionConfigurationPlatforms) = preSolution
		Debug|Any CPU = Debug|Any CPU
		Release|Any CPU = Release|Any CPU
	EndGlobalSection
	GlobalSection(ProjectConfigurationPlatforms) = postSolution
		{EC230E94-58EA-434E-AE69-5D82ABE8B45E}.Debug|Any CPU.ActiveCfg = Debug|Any CPU
		{EC230E94-58EA-434E-AE69-5D82ABE8B45E}.Debug|Any CPU.Build.0 = Debug|Any CPU
		{EC230E94-58EA-434E-AE69-5D82ABE8B45E}.Release|Any CPU.ActiveCfg = Release|Any CPU
		{EC230E94-58EA-434E-AE69-5D82ABE8B45E}.Release|Any CPU.Build.0 = Release|Any CPU
	EndGlobalSection
	GlobalSection(SolutionProperties) = preSolution
		HideSolutionNode = FALSE
	EndGlobalSection
	GlobalSection(ExtensibilityGlobals) = postSolution
		SolutionGuid = {91CC0576-DC11-4254-AB87-786D66525D82}
	EndGlobalSection
EndGlobal
